
Microsoft Visual Studio Solution File, Format Version 11.00
# Visual Studio 2010
Project("{8BC9CEB8-8B4A-11D0-8D11-00A0C91BC942}") = "pion", "src\pion.vcxproj", "{61F4B4D5-3608-4264-9F4B-B0DA3E3FDF62}"
EndProject
Project("{8BC9CEB8-8B4A-11D0-8D11-00A0C91BC942}") = "piond", "utils\piond.vcxproj", "{2CF6432F-56EA-43AD-BCCB-C31A4DB75853}"
EndProject
Project("{8BC9CEB8-8B4A-11D0-8D11-00A0C91BC942}") = "piontests", "tests\piontests.vcxproj", "{5AD25B42-E2C0-4D08-985B-E8F115D19D56}"
EndProject
Project("{8BC9CEB8-8B4A-11D0-8D11-00A0C91BC942}") = "PionNetServices", "PionNetServices.vcxproj", "{99D0C0C7-793B-49B1-A42E-CB563E5BB81F}"
EndProject
Project("{8BC9CEB8-8B4A-11D0-8D11-00A0C91BC942}") = "AllowNothingService", "services\AllowNothingService.vcxproj", "{8C8A8E46-4588-4CE1-B624-89C36EA5209E}"
EndProject
Project("{8BC9CEB8-8B4A-11D0-8D11-00A0C91BC942}") = "CookieService", "services\CookieService.vcxproj", "{1CF012D8-A47C-4D2B-952D-D90D19795A07}"
EndProject
Project("{8BC9CEB8-8B4A-11D0-8D11-00A0C91BC942}") = "EchoService", "services\EchoService.vcxproj", "{09C3D3D7-7CE0-48D1-994F-EB534C07CF8B}"
EndProject
Project("{8BC9CEB8-8B4A-11D0-8D11-00A0C91BC942}") = "FileService", "services\FileService.vcxproj", "{70CA1FA9-BA9A-4EA4-9B7B-C747238991C1}"
EndProject
Project("{8BC9CEB8-8B4A-11D0-8D11-00A0C91BC942}") = "HelloService", "services\HelloService.vcxproj", "{9EE2433A-B460-45E0-8968-EC5CE8EF9875}"
EndProject
Project("{8BC9CEB8-8B4A-11D0-8D11-00A0C91BC942}") = "LogService", "services\LogService.vcxproj", "{12F95FE7-ACE1-4281-86BF-4117AE2D633E}"
EndProject
Project("{8BC9CEB8-8B4A-11D0-8D11-00A0C91BC942}") = "hasCreateAndDestroy", "tests\plugins\hasCreateAndDestroy.vcxproj", "{CD11B3D6-1296-45F4-B924-034CC103D626}"
EndProject
Project("{8BC9CEB8-8B4A-11D0-8D11-00A0C91BC942}") = "hasCreateButNoDestroy", "tests\plugins\hasCreateButNoDestroy.vcxproj", "{2DEAB99F-2617-4235-8EF7-653F36EFAC83}"
EndProject
Project("{8BC9CEB8-8B4A-11D0-8D11-00A0C91BC942}") = "hasNoCreate", "tests\plugins\hasNoCreate.vcxproj", "{33DEAB53-40E1-42FF-9C17-7A9956102052}"
EndProject
Project("{8BC9CEB8-8B4A-11D0-8D11-00A0C91BC942}") = "TestPluigins", "tests\TestPlugins.vcxproj", "{7080E9F1-318F-4152-9E36-9F427F5CE9B7}"
EndProject
Global
	GlobalSection(SolutionConfigurationPlatforms) = preSolution
		Debug_DLL_full|Win32 = Debug_DLL_full|Win32
		Debug_DLL_full|x64 = Debug_DLL_full|x64
		Debug_DLL|Win32 = Debug_DLL|Win32
		Debug_DLL|x64 = Debug_DLL|x64
		Debug_static|Win32 = Debug_static|Win32
		Debug_static|x64 = Debug_static|x64
		Debug|Win32 = Debug|Win32
		Debug|x64 = Debug|x64
		Release_DLL_full|Win32 = Release_DLL_full|Win32
		Release_DLL_full|x64 = Release_DLL_full|x64
		Release_DLL|Win32 = Release_DLL|Win32
		Release_DLL|x64 = Release_DLL|x64
		Release_static|Win32 = Release_static|Win32
		Release_static|x64 = Release_static|x64
		Release|Win32 = Release|Win32
		Release|x64 = Release|x64
	EndGlobalSection
	GlobalSection(ProjectConfigurationPlatforms) = postSolution
		{61F4B4D5-3608-4264-9F4B-B0DA3E3FDF62}.Debug_DLL_full|Win32.ActiveCfg = Debug_DLL_full|Win32
		{61F4B4D5-3608-4264-9F4B-B0DA3E3FDF62}.Debug_DLL_full|Win32.Build.0 = Debug_DLL_full|Win32
		{61F4B4D5-3608-4264-9F4B-B0DA3E3FDF62}.Debug_DLL_full|x64.ActiveCfg = Debug_DLL_full|x64
		{61F4B4D5-3608-4264-9F4B-B0DA3E3FDF62}.Debug_DLL_full|x64.Build.0 = Debug_DLL_full|x64
		{61F4B4D5-3608-4264-9F4B-B0DA3E3FDF62}.Debug_DLL|Win32.ActiveCfg = Debug_DLL|Win32
		{61F4B4D5-3608-4264-9F4B-B0DA3E3FDF62}.Debug_DLL|Win32.Build.0 = Debug_DLL|Win32
		{61F4B4D5-3608-4264-9F4B-B0DA3E3FDF62}.Debug_DLL|x64.ActiveCfg = Debug_DLL|Win32
		{61F4B4D5-3608-4264-9F4B-B0DA3E3FDF62}.Debug_DLL|x64.Build.0 = Debug_DLL|Win32
		{61F4B4D5-3608-4264-9F4B-B0DA3E3FDF62}.Debug_static|Win32.ActiveCfg = Debug_static|Win32
		{61F4B4D5-3608-4264-9F4B-B0DA3E3FDF62}.Debug_static|Win32.Build.0 = Debug_static|Win32
		{61F4B4D5-3608-4264-9F4B-B0DA3E3FDF62}.Debug_static|x64.ActiveCfg = Debug_static|x64
		{61F4B4D5-3608-4264-9F4B-B0DA3E3FDF62}.Debug_static|x64.Build.0 = Debug_static|x64
		{61F4B4D5-3608-4264-9F4B-B0DA3E3FDF62}.Debug|Win32.ActiveCfg = Debug_DLL_full|x64
		{61F4B4D5-3608-4264-9F4B-B0DA3E3FDF62}.Debug|x64.ActiveCfg = Debug_DLL_full|x64
		{61F4B4D5-3608-4264-9F4B-B0DA3E3FDF62}.Debug|x64.Build.0 = Debug_DLL_full|x64
		{61F4B4D5-3608-4264-9F4B-B0DA3E3FDF62}.Release_DLL_full|Win32.ActiveCfg = Release_DLL_full|Win32
		{61F4B4D5-3608-4264-9F4B-B0DA3E3FDF62}.Release_DLL_full|Win32.Build.0 = Release_DLL_full|Win32
		{61F4B4D5-3608-4264-9F4B-B0DA3E3FDF62}.Release_DLL_full|x64.ActiveCfg = Release_DLL_full|x64
		{61F4B4D5-3608-4264-9F4B-B0DA3E3FDF62}.Release_DLL_full|x64.Build.0 = Release_DLL_full|x64
		{61F4B4D5-3608-4264-9F4B-B0DA3E3FDF62}.Release_DLL|Win32.ActiveCfg = Release_DLL|Win32
		{61F4B4D5-3608-4264-9F4B-B0DA3E3FDF62}.Release_DLL|Win32.Build.0 = Release_DLL|Win32
		{61F4B4D5-3608-4264-9F4B-B0DA3E3FDF62}.Release_DLL|x64.ActiveCfg = Release_DLL|x64
		{61F4B4D5-3608-4264-9F4B-B0DA3E3FDF62}.Release_DLL|x64.Build.0 = Release_DLL|x64
		{61F4B4D5-3608-4264-9F4B-B0DA3E3FDF62}.Release_static|Win32.ActiveCfg = Release_static|Win32
		{61F4B4D5-3608-4264-9F4B-B0DA3E3FDF62}.Release_static|Win32.Build.0 = Release_static|Win32
		{61F4B4D5-3608-4264-9F4B-B0DA3E3FDF62}.Release_static|x64.ActiveCfg = Release_static|x64
		{61F4B4D5-3608-4264-9F4B-B0DA3E3FDF62}.Release_static|x64.Build.0 = Release_static|x64
		{61F4B4D5-3608-4264-9F4B-B0DA3E3FDF62}.Release|Win32.ActiveCfg = Release_DLL_full|x64
		{61F4B4D5-3608-4264-9F4B-B0DA3E3FDF62}.Release|x64.ActiveCfg = Release_DLL_full|x64
		{61F4B4D5-3608-4264-9F4B-B0DA3E3FDF62}.Release|x64.Build.0 = Release_DLL_full|x64
		{2CF6432F-56EA-43AD-BCCB-C31A4DB75853}.Debug_DLL_full|Win32.ActiveCfg = Debug_DLL_full|Win32
		{2CF6432F-56EA-43AD-BCCB-C31A4DB75853}.Debug_DLL_full|Win32.Build.0 = Debug_DLL_full|Win32
		{2CF6432F-56EA-43AD-BCCB-C31A4DB75853}.Debug_DLL_full|x64.ActiveCfg = Debug_DLL_full|Win32
		{2CF6432F-56EA-43AD-BCCB-C31A4DB75853}.Debug_DLL_full|x64.Build.0 = Debug_DLL_full|Win32
		{2CF6432F-56EA-43AD-BCCB-C31A4DB75853}.Debug_DLL|Win32.ActiveCfg = Debug_DLL|Win32
		{2CF6432F-56EA-43AD-BCCB-C31A4DB75853}.Debug_DLL|Win32.Build.0 = Debug_DLL|Win32
		{2CF6432F-56EA-43AD-BCCB-C31A4DB75853}.Debug_DLL|x64.ActiveCfg = Debug_DLL|Win32
		{2CF6432F-56EA-43AD-BCCB-C31A4DB75853}.Debug_DLL|x64.Build.0 = Debug_DLL|Win32
		{2CF6432F-56EA-43AD-BCCB-C31A4DB75853}.Debug_static|Win32.ActiveCfg = Debug_static|Win32
		{2CF6432F-56EA-43AD-BCCB-C31A4DB75853}.Debug_static|Win32.Build.0 = Debug_static|Win32
		{2CF6432F-56EA-43AD-BCCB-C31A4DB75853}.Debug_static|x64.ActiveCfg = Debug_static|Win32
		{2CF6432F-56EA-43AD-BCCB-C31A4DB75853}.Debug_static|x64.Build.0 = Debug_static|Win32
		{2CF6432F-56EA-43AD-BCCB-C31A4DB75853}.Debug|Win32.ActiveCfg = Debug_DLL_full|Win32
		{2CF6432F-56EA-43AD-BCCB-C31A4DB75853}.Debug|Win32.Build.0 = Debug_DLL_full|Win32
		{2CF6432F-56EA-43AD-BCCB-C31A4DB75853}.Debug|x64.ActiveCfg = Debug_DLL_full|Win32
		{2CF6432F-56EA-43AD-BCCB-C31A4DB75853}.Release_DLL_full|Win32.ActiveCfg = Release_DLL_full|Win32
		{2CF6432F-56EA-43AD-BCCB-C31A4DB75853}.Release_DLL_full|Win32.Build.0 = Release_DLL_full|Win32
		{2CF6432F-56EA-43AD-BCCB-C31A4DB75853}.Release_DLL_full|x64.ActiveCfg = Release_DLL_full|x64
		{2CF6432F-56EA-43AD-BCCB-C31A4DB75853}.Release_DLL_full|x64.Build.0 = Release_DLL_full|x64
		{2CF6432F-56EA-43AD-BCCB-C31A4DB75853}.Release_DLL|Win32.ActiveCfg = Release_DLL|Win32
		{2CF6432F-56EA-43AD-BCCB-C31A4DB75853}.Release_DLL|Win32.Build.0 = Release_DLL|Win32
		{2CF6432F-56EA-43AD-BCCB-C31A4DB75853}.Release_DLL|x64.ActiveCfg = Release_DLL|Win32
		{2CF6432F-56EA-43AD-BCCB-C31A4DB75853}.Release_DLL|x64.Build.0 = Release_DLL|Win32
		{2CF6432F-56EA-43AD-BCCB-C31A4DB75853}.Release_static|Win32.ActiveCfg = Release_static|Win32
		{2CF6432F-56EA-43AD-BCCB-C31A4DB75853}.Release_static|Win32.Build.0 = Release_static|Win32
		{2CF6432F-56EA-43AD-BCCB-C31A4DB75853}.Release_static|x64.ActiveCfg = Release_static|x64
		{2CF6432F-56EA-43AD-BCCB-C31A4DB75853}.Release_static|x64.Build.0 = Release_static|x64
		{2CF6432F-56EA-43AD-BCCB-C31A4DB75853}.Release|Win32.ActiveCfg = Release_DLL_full|Win32
		{2CF6432F-56EA-43AD-BCCB-C31A4DB75853}.Release|Win32.Build.0 = Release_DLL_full|Win32
		{2CF6432F-56EA-43AD-BCCB-C31A4DB75853}.Release|x64.ActiveCfg = Release_DLL_full|Win32
		{5AD25B42-E2C0-4D08-985B-E8F115D19D56}.Debug_DLL_full|Win32.ActiveCfg = Debug_DLL_full|Win32
		{5AD25B42-E2C0-4D08-985B-E8F115D19D56}.Debug_DLL_full|Win32.Build.0 = Debug_DLL_full|Win32
		{5AD25B42-E2C0-4D08-985B-E8F115D19D56}.Debug_DLL_full|x64.ActiveCfg = Debug_DLL_full|x64
		{5AD25B42-E2C0-4D08-985B-E8F115D19D56}.Debug_DLL_full|x64.Build.0 = Debug_DLL_full|x64
		{5AD25B42-E2C0-4D08-985B-E8F115D19D56}.Debug_DLL|Win32.ActiveCfg = Debug_DLL|Win32
		{5AD25B42-E2C0-4D08-985B-E8F115D19D56}.Debug_DLL|Win32.Build.0 = Debug_DLL|Win32
		{5AD25B42-E2C0-4D08-985B-E8F115D19D56}.Debug_DLL|x64.ActiveCfg = Debug_DLL|Win32
		{5AD25B42-E2C0-4D08-985B-E8F115D19D56}.Debug_DLL|x64.Build.0 = Debug_DLL|Win32
		{5AD25B42-E2C0-4D08-985B-E8F115D19D56}.Debug_static|Win32.ActiveCfg = Debug_static|Win32
		{5AD25B42-E2C0-4D08-985B-E8F115D19D56}.Debug_static|Win32.Build.0 = Debug_static|Win32
		{5AD25B42-E2C0-4D08-985B-E8F115D19D56}.Debug_static|x64.ActiveCfg = Debug_static|x64
		{5AD25B42-E2C0-4D08-985B-E8F115D19D56}.Debug_static|x64.Build.0 = Debug_static|x64
		{5AD25B42-E2C0-4D08-985B-E8F115D19D56}.Debug|Win32.ActiveCfg = Debug_DLL_full|x64
		{5AD25B42-E2C0-4D08-985B-E8F115D19D56}.Debug|x64.ActiveCfg = Debug_DLL_full|x64
		{5AD25B42-E2C0-4D08-985B-E8F115D19D56}.Debug|x64.Build.0 = Debug_DLL_full|x64
		{5AD25B42-E2C0-4D08-985B-E8F115D19D56}.Release_DLL_full|Win32.ActiveCfg = Release_DLL_full|Win32
		{5AD25B42-E2C0-4D08-985B-E8F115D19D56}.Release_DLL_full|Win32.Build.0 = Release_DLL_full|Win32
		{5AD25B42-E2C0-4D08-985B-E8F115D19D56}.Release_DLL_full|x64.ActiveCfg = Release_DLL_full|x64
		{5AD25B42-E2C0-4D08-985B-E8F115D19D56}.Release_DLL_full|x64.Build.0 = Release_DLL_full|x64
		{5AD25B42-E2C0-4D08-985B-E8F115D19D56}.Release_DLL|Win32.ActiveCfg = Release_DLL|Win32
		{5AD25B42-E2C0-4D08-985B-E8F115D19D56}.Release_DLL|Win32.Build.0 = Release_DLL|Win32
		{5AD25B42-E2C0-4D08-985B-E8F115D19D56}.Release_DLL|x64.ActiveCfg = Release_DLL|x64
		{5AD25B42-E2C0-4D08-985B-E8F115D19D56}.Release_DLL|x64.Build.0 = Release_DLL|x64
		{5AD25B42-E2C0-4D08-985B-E8F115D19D56}.Release_static|Win32.ActiveCfg = Release_static|Win32
		{5AD25B42-E2C0-4D08-985B-E8F115D19D56}.Release_static|Win32.Build.0 = Release_static|Win32
		{5AD25B42-E2C0-4D08-985B-E8F115D19D56}.Release_static|x64.ActiveCfg = Release_static|x64
		{5AD25B42-E2C0-4D08-985B-E8F115D19D56}.Release_static|x64.Build.0 = Release_static|x64
		{5AD25B42-E2C0-4D08-985B-E8F115D19D56}.Release|Win32.ActiveCfg = Release_DLL_full|x64
		{5AD25B42-E2C0-4D08-985B-E8F115D19D56}.Release|x64.ActiveCfg = Release_DLL_full|x64
		{5AD25B42-E2C0-4D08-985B-E8F115D19D56}.Release|x64.Build.0 = Release_DLL_full|x64
		{99D0C0C7-793B-49B1-A42E-CB563E5BB81F}.Debug_DLL_full|Win32.ActiveCfg = Debug_DLL_full|Win32
		{99D0C0C7-793B-49B1-A42E-CB563E5BB81F}.Debug_DLL_full|Win32.Build.0 = Debug_DLL_full|Win32
		{99D0C0C7-793B-49B1-A42E-CB563E5BB81F}.Debug_DLL_full|x64.ActiveCfg = Debug_DLL_full|x64
		{99D0C0C7-793B-49B1-A42E-CB563E5BB81F}.Debug_DLL_full|x64.Build.0 = Debug_DLL_full|x64
		{99D0C0C7-793B-49B1-A42E-CB563E5BB81F}.Debug_DLL|Win32.ActiveCfg = Debug_DLL_full|Win32
		{99D0C0C7-793B-49B1-A42E-CB563E5BB81F}.Debug_DLL|Win32.Build.0 = Debug_DLL_full|Win32
		{99D0C0C7-793B-49B1-A42E-CB563E5BB81F}.Debug_DLL|x64.ActiveCfg = Debug_DLL_full|Win32
		{99D0C0C7-793B-49B1-A42E-CB563E5BB81F}.Debug_DLL|x64.Build.0 = Debug_DLL_full|Win32
		{99D0C0C7-793B-49B1-A42E-CB563E5BB81F}.Debug_static|Win32.ActiveCfg = Debug_static|Win32
		{99D0C0C7-793B-49B1-A42E-CB563E5BB81F}.Debug_static|Win32.Build.0 = Debug_static|Win32
		{99D0C0C7-793B-49B1-A42E-CB563E5BB81F}.Debug_static|x64.ActiveCfg = Debug_static|x64
		{99D0C0C7-793B-49B1-A42E-CB563E5BB81F}.Debug_static|x64.Build.0 = Debug_static|x64
		{99D0C0C7-793B-49B1-A42E-CB563E5BB81F}.Debug|Win32.ActiveCfg = Debug_static|x64
		{99D0C0C7-793B-49B1-A42E-CB563E5BB81F}.Debug|x64.ActiveCfg = Debug_static|x64
		{99D0C0C7-793B-49B1-A42E-CB563E5BB81F}.Debug|x64.Build.0 = Debug_static|x64
		{99D0C0C7-793B-49B1-A42E-CB563E5BB81F}.Release_DLL_full|Win32.ActiveCfg = Release_DLL_full|Win32
		{99D0C0C7-793B-49B1-A42E-CB563E5BB81F}.Release_DLL_full|Win32.Build.0 = Release_DLL_full|Win32
		{99D0C0C7-793B-49B1-A42E-CB563E5BB81F}.Release_DLL_full|x64.ActiveCfg = Release_DLL_full|x64
		{99D0C0C7-793B-49B1-A42E-CB563E5BB81F}.Release_DLL_full|x64.Build.0 = Release_DLL_full|x64
		{99D0C0C7-793B-49B1-A42E-CB563E5BB81F}.Release_DLL|Win32.ActiveCfg = Release_DLL_full|Win32
		{99D0C0C7-793B-49B1-A42E-CB563E5BB81F}.Release_DLL|Win32.Build.0 = Release_DLL_full|Win32
		{99D0C0C7-793B-49B1-A42E-CB563E5BB81F}.Release_DLL|x64.ActiveCfg = Release_DLL|x64
		{99D0C0C7-793B-49B1-A42E-CB563E5BB81F}.Release_DLL|x64.Build.0 = Release_DLL|x64
		{99D0C0C7-793B-49B1-A42E-CB563E5BB81F}.Release_static|Win32.ActiveCfg = Release_static|Win32
		{99D0C0C7-793B-49B1-A42E-CB563E5BB81F}.Release_static|Win32.Build.0 = Release_static|Win32
		{99D0C0C7-793B-49B1-A42E-CB563E5BB81F}.Release_static|x64.ActiveCfg = Release_static|x64
		{99D0C0C7-793B-49B1-A42E-CB563E5BB81F}.Release_static|x64.Build.0 = Release_static|x64
		{99D0C0C7-793B-49B1-A42E-CB563E5BB81F}.Release|Win32.ActiveCfg = Release_static|x64
		{99D0C0C7-793B-49B1-A42E-CB563E5BB81F}.Release|x64.ActiveCfg = Release_static|x64
		{99D0C0C7-793B-49B1-A42E-CB563E5BB81F}.Release|x64.Build.0 = Release_static|x64
		{8C8A8E46-4588-4CE1-B624-89C36EA5209E}.Debug_DLL_full|Win32.ActiveCfg = Debug_DLL_full|Win32
		{8C8A8E46-4588-4CE1-B624-89C36EA5209E}.Debug_DLL_full|Win32.Build.0 = Debug_DLL_full|Win32
		{8C8A8E46-4588-4CE1-B624-89C36EA5209E}.Debug_DLL_full|x64.ActiveCfg = Debug_DLL_full|x64
		{8C8A8E46-4588-4CE1-B624-89C36EA5209E}.Debug_DLL_full|x64.Build.0 = Debug_DLL_full|x64
		{8C8A8E46-4588-4CE1-B624-89C36EA5209E}.Debug_DLL|Win32.ActiveCfg = Debug_DLL|Win32
		{8C8A8E46-4588-4CE1-B624-89C36EA5209E}.Debug_DLL|Win32.Build.0 = Debug_DLL|Win32
		{8C8A8E46-4588-4CE1-B624-89C36EA5209E}.Debug_DLL|x64.ActiveCfg = Debug_DLL|x64
		{8C8A8E46-4588-4CE1-B624-89C36EA5209E}.Debug_DLL|x64.Build.0 = Debug_DLL|x64
		{8C8A8E46-4588-4CE1-B624-89C36EA5209E}.Debug_static|Win32.ActiveCfg = Debug_static|Win32
		{8C8A8E46-4588-4CE1-B624-89C36EA5209E}.Debug_static|Win32.Build.0 = Debug_static|Win32
		{8C8A8E46-4588-4CE1-B624-89C36EA5209E}.Debug_static|x64.ActiveCfg = Debug_static|x64
		{8C8A8E46-4588-4CE1-B624-89C36EA5209E}.Debug_static|x64.Build.0 = Debug_static|x64
		{8C8A8E46-4588-4CE1-B624-89C36EA5209E}.Debug|Win32.ActiveCfg = Debug_DLL_full|x64
		{8C8A8E46-4588-4CE1-B624-89C36EA5209E}.Debug|x64.ActiveCfg = Debug_DLL_full|x64
		{8C8A8E46-4588-4CE1-B624-89C36EA5209E}.Debug|x64.Build.0 = Debug_DLL_full|x64
		{8C8A8E46-4588-4CE1-B624-89C36EA5209E}.Release_DLL_full|Win32.ActiveCfg = Release_DLL_full|Win32
		{8C8A8E46-4588-4CE1-B624-89C36EA5209E}.Release_DLL_full|Win32.Build.0 = Release_DLL_full|Win32
		{8C8A8E46-4588-4CE1-B624-89C36EA5209E}.Release_DLL_full|x64.ActiveCfg = Release_DLL_full|x64
		{8C8A8E46-4588-4CE1-B624-89C36EA5209E}.Release_DLL_full|x64.Build.0 = Release_DLL_full|x64
		{8C8A8E46-4588-4CE1-B624-89C36EA5209E}.Release_DLL|Win32.ActiveCfg = Release_DLL|Win32
		{8C8A8E46-4588-4CE1-B624-89C36EA5209E}.Release_DLL|Win32.Build.0 = Release_DLL|Win32
		{8C8A8E46-4588-4CE1-B624-89C36EA5209E}.Release_DLL|x64.ActiveCfg = Release_DLL|x64
		{8C8A8E46-4588-4CE1-B624-89C36EA5209E}.Release_DLL|x64.Build.0 = Release_DLL|x64
		{8C8A8E46-4588-4CE1-B624-89C36EA5209E}.Release_static|Win32.ActiveCfg = Release_static|Win32
		{8C8A8E46-4588-4CE1-B624-89C36EA5209E}.Release_static|Win32.Build.0 = Release_static|Win32
		{8C8A8E46-4588-4CE1-B624-89C36EA5209E}.Release_static|x64.ActiveCfg = Release_static|x64
		{8C8A8E46-4588-4CE1-B624-89C36EA5209E}.Release_static|x64.Build.0 = Release_static|x64
		{8C8A8E46-4588-4CE1-B624-89C36EA5209E}.Release|Win32.ActiveCfg = Release_DLL_full|x64
		{8C8A8E46-4588-4CE1-B624-89C36EA5209E}.Release|x64.ActiveCfg = Release_DLL_full|x64
		{8C8A8E46-4588-4CE1-B624-89C36EA5209E}.Release|x64.Build.0 = Release_DLL_full|x64
		{1CF012D8-A47C-4D2B-952D-D90D19795A07}.Debug_DLL_full|Win32.ActiveCfg = Debug_DLL_full|Win32
		{1CF012D8-A47C-4D2B-952D-D90D19795A07}.Debug_DLL_full|Win32.Build.0 = Debug_DLL_full|Win32
		{1CF012D8-A47C-4D2B-952D-D90D19795A07}.Debug_DLL_full|x64.ActiveCfg = Debug_DLL_full|x64
		{1CF012D8-A47C-4D2B-952D-D90D19795A07}.Debug_DLL_full|x64.Build.0 = Debug_DLL_full|x64
		{1CF012D8-A47C-4D2B-952D-D90D19795A07}.Debug_DLL|Win32.ActiveCfg = Debug_DLL|Win32
		{1CF012D8-A47C-4D2B-952D-D90D19795A07}.Debug_DLL|Win32.Build.0 = Debug_DLL|Win32
		{1CF012D8-A47C-4D2B-952D-D90D19795A07}.Debug_DLL|x64.ActiveCfg = Debug_DLL|x64
		{1CF012D8-A47C-4D2B-952D-D90D19795A07}.Debug_DLL|x64.Build.0 = Debug_DLL|x64
		{1CF012D8-A47C-4D2B-952D-D90D19795A07}.Debug_static|Win32.ActiveCfg = Debug_static|Win32
		{1CF012D8-A47C-4D2B-952D-D90D19795A07}.Debug_static|Win32.Build.0 = Debug_static|Win32
		{1CF012D8-A47C-4D2B-952D-D90D19795A07}.Debug_static|x64.ActiveCfg = Debug_static|x64
		{1CF012D8-A47C-4D2B-952D-D90D19795A07}.Debug_static|x64.Build.0 = Debug_static|x64
		{1CF012D8-A47C-4D2B-952D-D90D19795A07}.Debug|Win32.ActiveCfg = Debug_DLL_full|x64
		{1CF012D8-A47C-4D2B-952D-D90D19795A07}.Debug|x64.ActiveCfg = Debug_DLL_full|x64
		{1CF012D8-A47C-4D2B-952D-D90D19795A07}.Debug|x64.Build.0 = Debug_DLL_full|x64
		{1CF012D8-A47C-4D2B-952D-D90D19795A07}.Release_DLL_full|Win32.ActiveCfg = Release_DLL_full|Win32
		{1CF012D8-A47C-4D2B-952D-D90D19795A07}.Release_DLL_full|Win32.Build.0 = Release_DLL_full|Win32
		{1CF012D8-A47C-4D2B-952D-D90D19795A07}.Release_DLL_full|x64.ActiveCfg = Release_DLL_full|x64
		{1CF012D8-A47C-4D2B-952D-D90D19795A07}.Release_DLL_full|x64.Build.0 = Release_DLL_full|x64
		{1CF012D8-A47C-4D2B-952D-D90D19795A07}.Release_DLL|Win32.ActiveCfg = Release_DLL|Win32
		{1CF012D8-A47C-4D2B-952D-D90D19795A07}.Release_DLL|Win32.Build.0 = Release_DLL|Win32
		{1CF012D8-A47C-4D2B-952D-D90D19795A07}.Release_DLL|x64.ActiveCfg = Release_DLL|x64
		{1CF012D8-A47C-4D2B-952D-D90D19795A07}.Release_DLL|x64.Build.0 = Release_DLL|x64
		{1CF012D8-A47C-4D2B-952D-D90D19795A07}.Release_static|Win32.ActiveCfg = Release_static|Win32
		{1CF012D8-A47C-4D2B-952D-D90D19795A07}.Release_static|Win32.Build.0 = Release_static|Win32
		{1CF012D8-A47C-4D2B-952D-D90D19795A07}.Release_static|x64.ActiveCfg = Release_static|x64
		{1CF012D8-A47C-4D2B-952D-D90D19795A07}.Release_static|x64.Build.0 = Release_static|x64
		{1CF012D8-A47C-4D2B-952D-D90D19795A07}.Release|Win32.ActiveCfg = Release_DLL_full|x64
		{1CF012D8-A47C-4D2B-952D-D90D19795A07}.Release|x64.ActiveCfg = Release_DLL_full|x64
		{1CF012D8-A47C-4D2B-952D-D90D19795A07}.Release|x64.Build.0 = Release_DLL_full|x64
		{09C3D3D7-7CE0-48D1-994F-EB534C07CF8B}.Debug_DLL_full|Win32.ActiveCfg = Debug_DLL_full|Win32
		{09C3D3D7-7CE0-48D1-994F-EB534C07CF8B}.Debug_DLL_full|Win32.Build.0 = Debug_DLL_full|Win32
		{09C3D3D7-7CE0-48D1-994F-EB534C07CF8B}.Debug_DLL_full|x64.ActiveCfg = Debug_DLL_full|x64
		{09C3D3D7-7CE0-48D1-994F-EB534C07CF8B}.Debug_DLL_full|x64.Build.0 = Debug_DLL_full|x64
		{09C3D3D7-7CE0-48D1-994F-EB534C07CF8B}.Debug_DLL|Win32.ActiveCfg = Debug_DLL|Win32
		{09C3D3D7-7CE0-48D1-994F-EB534C07CF8B}.Debug_DLL|Win32.Build.0 = Debug_DLL|Win32
		{09C3D3D7-7CE0-48D1-994F-EB534C07CF8B}.Debug_DLL|x64.ActiveCfg = Debug_DLL|x64
		{09C3D3D7-7CE0-48D1-994F-EB534C07CF8B}.Debug_DLL|x64.Build.0 = Debug_DLL|x64
		{09C3D3D7-7CE0-48D1-994F-EB534C07CF8B}.Debug_static|Win32.ActiveCfg = Debug_static|Win32
		{09C3D3D7-7CE0-48D1-994F-EB534C07CF8B}.Debug_static|Win32.Build.0 = Debug_static|Win32
		{09C3D3D7-7CE0-48D1-994F-EB534C07CF8B}.Debug_static|x64.ActiveCfg = Debug_static|x64
		{09C3D3D7-7CE0-48D1-994F-EB534C07CF8B}.Debug_static|x64.Build.0 = Debug_static|x64
		{09C3D3D7-7CE0-48D1-994F-EB534C07CF8B}.Debug|Win32.ActiveCfg = Debug_DLL_full|x64
		{09C3D3D7-7CE0-48D1-994F-EB534C07CF8B}.Debug|x64.ActiveCfg = Debug_DLL_full|x64
		{09C3D3D7-7CE0-48D1-994F-EB534C07CF8B}.Debug|x64.Build.0 = Debug_DLL_full|x64
		{09C3D3D7-7CE0-48D1-994F-EB534C07CF8B}.Release_DLL_full|Win32.ActiveCfg = Release_DLL_full|Win32
		{09C3D3D7-7CE0-48D1-994F-EB534C07CF8B}.Release_DLL_full|Win32.Build.0 = Release_DLL_full|Win32
		{09C3D3D7-7CE0-48D1-994F-EB534C07CF8B}.Release_DLL_full|x64.ActiveCfg = Release_DLL_full|x64
		{09C3D3D7-7CE0-48D1-994F-EB534C07CF8B}.Release_DLL_full|x64.Build.0 = Release_DLL_full|x64
		{09C3D3D7-7CE0-48D1-994F-EB534C07CF8B}.Release_DLL|Win32.ActiveCfg = Release_DLL|Win32
		{09C3D3D7-7CE0-48D1-994F-EB534C07CF8B}.Release_DLL|Win32.Build.0 = Release_DLL|Win32
		{09C3D3D7-7CE0-48D1-994F-EB534C07CF8B}.Release_DLL|x64.ActiveCfg = Release_DLL|x64
		{09C3D3D7-7CE0-48D1-994F-EB534C07CF8B}.Release_DLL|x64.Build.0 = Release_DLL|x64
		{09C3D3D7-7CE0-48D1-994F-EB534C07CF8B}.Release_static|Win32.ActiveCfg = Release_static|Win32
		{09C3D3D7-7CE0-48D1-994F-EB534C07CF8B}.Release_static|Win32.Build.0 = Release_static|Win32
		{09C3D3D7-7CE0-48D1-994F-EB534C07CF8B}.Release_static|x64.ActiveCfg = Release_static|x64
		{09C3D3D7-7CE0-48D1-994F-EB534C07CF8B}.Release_static|x64.Build.0 = Release_static|x64
		{09C3D3D7-7CE0-48D1-994F-EB534C07CF8B}.Release|Win32.ActiveCfg = Release_DLL_full|x64
		{09C3D3D7-7CE0-48D1-994F-EB534C07CF8B}.Release|x64.ActiveCfg = Release_DLL_full|x64
		{09C3D3D7-7CE0-48D1-994F-EB534C07CF8B}.Release|x64.Build.0 = Release_DLL_full|x64
		{70CA1FA9-BA9A-4EA4-9B7B-C747238991C1}.Debug_DLL_full|Win32.ActiveCfg = Debug_DLL_full|Win32
		{70CA1FA9-BA9A-4EA4-9B7B-C747238991C1}.Debug_DLL_full|Win32.Build.0 = Debug_DLL_full|Win32
		{70CA1FA9-BA9A-4EA4-9B7B-C747238991C1}.Debug_DLL_full|x64.ActiveCfg = Debug_DLL_full|x64
		{70CA1FA9-BA9A-4EA4-9B7B-C747238991C1}.Debug_DLL_full|x64.Build.0 = Debug_DLL_full|x64
		{70CA1FA9-BA9A-4EA4-9B7B-C747238991C1}.Debug_DLL|Win32.ActiveCfg = Debug_DLL|Win32
		{70CA1FA9-BA9A-4EA4-9B7B-C747238991C1}.Debug_DLL|Win32.Build.0 = Debug_DLL|Win32
		{70CA1FA9-BA9A-4EA4-9B7B-C747238991C1}.Debug_DLL|x64.ActiveCfg = Debug_DLL|x64
		{70CA1FA9-BA9A-4EA4-9B7B-C747238991C1}.Debug_DLL|x64.Build.0 = Debug_DLL|x64
		{70CA1FA9-BA9A-4EA4-9B7B-C747238991C1}.Debug_static|Win32.ActiveCfg = Debug_static|Win32
		{70CA1FA9-BA9A-4EA4-9B7B-C747238991C1}.Debug_static|Win32.Build.0 = Debug_static|Win32
		{70CA1FA9-BA9A-4EA4-9B7B-C747238991C1}.Debug_static|x64.ActiveCfg = Debug_static|x64
		{70CA1FA9-BA9A-4EA4-9B7B-C747238991C1}.Debug_static|x64.Build.0 = Debug_static|x64
		{70CA1FA9-BA9A-4EA4-9B7B-C747238991C1}.Debug|Win32.ActiveCfg = Debug_DLL_full|x64
		{70CA1FA9-BA9A-4EA4-9B7B-C747238991C1}.Debug|x64.ActiveCfg = Debug_DLL_full|x64
		{70CA1FA9-BA9A-4EA4-9B7B-C747238991C1}.Debug|x64.Build.0 = Debug_DLL_full|x64
		{70CA1FA9-BA9A-4EA4-9B7B-C747238991C1}.Release_DLL_full|Win32.ActiveCfg = Release_DLL_full|Win32
		{70CA1FA9-BA9A-4EA4-9B7B-C747238991C1}.Release_DLL_full|Win32.Build.0 = Release_DLL_full|Win32
		{70CA1FA9-BA9A-4EA4-9B7B-C747238991C1}.Release_DLL_full|x64.ActiveCfg = Release_DLL_full|x64
		{70CA1FA9-BA9A-4EA4-9B7B-C747238991C1}.Release_DLL_full|x64.Build.0 = Release_DLL_full|x64
		{70CA1FA9-BA9A-4EA4-9B7B-C747238991C1}.Release_DLL|Win32.ActiveCfg = Release_DLL|Win32
		{70CA1FA9-BA9A-4EA4-9B7B-C747238991C1}.Release_DLL|Win32.Build.0 = Release_DLL|Win32
		{70CA1FA9-BA9A-4EA4-9B7B-C747238991C1}.Release_DLL|x64.ActiveCfg = Release_DLL|x64
		{70CA1FA9-BA9A-4EA4-9B7B-C747238991C1}.Release_DLL|x64.Build.0 = Release_DLL|x64
		{70CA1FA9-BA9A-4EA4-9B7B-C747238991C1}.Release_static|Win32.ActiveCfg = Release_static|Win32
		{70CA1FA9-BA9A-4EA4-9B7B-C747238991C1}.Release_static|Win32.Build.0 = Release_static|Win32
		{70CA1FA9-BA9A-4EA4-9B7B-C747238991C1}.Release_static|x64.ActiveCfg = Release_static|x64
		{70CA1FA9-BA9A-4EA4-9B7B-C747238991C1}.Release_static|x64.Build.0 = Release_static|x64
		{70CA1FA9-BA9A-4EA4-9B7B-C747238991C1}.Release|Win32.ActiveCfg = Release_DLL_full|x64
		{70CA1FA9-BA9A-4EA4-9B7B-C747238991C1}.Release|x64.ActiveCfg = Release_DLL_full|x64
		{70CA1FA9-BA9A-4EA4-9B7B-C747238991C1}.Release|x64.Build.0 = Release_DLL_full|x64
		{9EE2433A-B460-45E0-8968-EC5CE8EF9875}.Debug_DLL_full|Win32.ActiveCfg = Debug_DLL_full|Win32
		{9EE2433A-B460-45E0-8968-EC5CE8EF9875}.Debug_DLL_full|Win32.Build.0 = Debug_DLL_full|Win32
		{9EE2433A-B460-45E0-8968-EC5CE8EF9875}.Debug_DLL_full|x64.ActiveCfg = Debug_DLL_full|x64
		{9EE2433A-B460-45E0-8968-EC5CE8EF9875}.Debug_DLL_full|x64.Build.0 = Debug_DLL_full|x64
		{9EE2433A-B460-45E0-8968-EC5CE8EF9875}.Debug_DLL|Win32.ActiveCfg = Debug_DLL|Win32
		{9EE2433A-B460-45E0-8968-EC5CE8EF9875}.Debug_DLL|Win32.Build.0 = Debug_DLL|Win32
		{9EE2433A-B460-45E0-8968-EC5CE8EF9875}.Debug_DLL|x64.ActiveCfg = Debug_DLL|x64
		{9EE2433A-B460-45E0-8968-EC5CE8EF9875}.Debug_DLL|x64.Build.0 = Debug_DLL|x64
		{9EE2433A-B460-45E0-8968-EC5CE8EF9875}.Debug_static|Win32.ActiveCfg = Debug_static|Win32
		{9EE2433A-B460-45E0-8968-EC5CE8EF9875}.Debug_static|Win32.Build.0 = Debug_static|Win32
		{9EE2433A-B460-45E0-8968-EC5CE8EF9875}.Debug_static|x64.ActiveCfg = Debug_static|x64
		{9EE2433A-B460-45E0-8968-EC5CE8EF9875}.Debug_static|x64.Build.0 = Debug_static|x64
		{9EE2433A-B460-45E0-8968-EC5CE8EF9875}.Debug|Win32.ActiveCfg = Debug_DLL_full|x64
		{9EE2433A-B460-45E0-8968-EC5CE8EF9875}.Debug|x64.ActiveCfg = Debug_DLL_full|x64
		{9EE2433A-B460-45E0-8968-EC5CE8EF9875}.Debug|x64.Build.0 = Debug_DLL_full|x64
		{9EE2433A-B460-45E0-8968-EC5CE8EF9875}.Release_DLL_full|Win32.ActiveCfg = Release_DLL_full|Win32
		{9EE2433A-B460-45E0-8968-EC5CE8EF9875}.Release_DLL_full|Win32.Build.0 = Release_DLL_full|Win32
		{9EE2433A-B460-45E0-8968-EC5CE8EF9875}.Release_DLL_full|x64.ActiveCfg = Release_DLL_full|x64
		{9EE2433A-B460-45E0-8968-EC5CE8EF9875}.Release_DLL_full|x64.Build.0 = Release_DLL_full|x64
		{9EE2433A-B460-45E0-8968-EC5CE8EF9875}.Release_DLL|Win32.ActiveCfg = Release_DLL|Win32
		{9EE2433A-B460-45E0-8968-EC5CE8EF9875}.Release_DLL|Win32.Build.0 = Release_DLL|Win32
		{9EE2433A-B460-45E0-8968-EC5CE8EF9875}.Release_DLL|x64.ActiveCfg = Release_DLL|x64
		{9EE2433A-B460-45E0-8968-EC5CE8EF9875}.Release_DLL|x64.Build.0 = Release_DLL|x64
		{9EE2433A-B460-45E0-8968-EC5CE8EF9875}.Release_static|Win32.ActiveCfg = Release_static|Win32
		{9EE2433A-B460-45E0-8968-EC5CE8EF9875}.Release_static|Win32.Build.0 = Release_static|Win32
		{9EE2433A-B460-45E0-8968-EC5CE8EF9875}.Release_static|x64.ActiveCfg = Release_static|x64
		{9EE2433A-B460-45E0-8968-EC5CE8EF9875}.Release_static|x64.Build.0 = Release_static|x64
		{9EE2433A-B460-45E0-8968-EC5CE8EF9875}.Release|Win32.ActiveCfg = Release_DLL_full|x64
		{9EE2433A-B460-45E0-8968-EC5CE8EF9875}.Release|x64.ActiveCfg = Release_DLL_full|x64
		{9EE2433A-B460-45E0-8968-EC5CE8EF9875}.Release|x64.Build.0 = Release_DLL_full|x64
		{12F95FE7-ACE1-4281-86BF-4117AE2D633E}.Debug_DLL_full|Win32.ActiveCfg = Debug_DLL_full|Win32
		{12F95FE7-ACE1-4281-86BF-4117AE2D633E}.Debug_DLL_full|Win32.Build.0 = Debug_DLL_full|Win32
		{12F95FE7-ACE1-4281-86BF-4117AE2D633E}.Debug_DLL_full|x64.ActiveCfg = Debug_DLL_full|x64
		{12F95FE7-ACE1-4281-86BF-4117AE2D633E}.Debug_DLL_full|x64.Build.0 = Debug_DLL_full|x64
		{12F95FE7-ACE1-4281-86BF-4117AE2D633E}.Debug_DLL|Win32.ActiveCfg = Debug_DLL|Win32
		{12F95FE7-ACE1-4281-86BF-4117AE2D633E}.Debug_DLL|Win32.Build.0 = Debug_DLL|Win32
		{12F95FE7-ACE1-4281-86BF-4117AE2D633E}.Debug_DLL|x64.ActiveCfg = Debug_DLL|x64
		{12F95FE7-ACE1-4281-86BF-4117AE2D633E}.Debug_DLL|x64.Build.0 = Debug_DLL|x64
		{12F95FE7-ACE1-4281-86BF-4117AE2D633E}.Debug_static|Win32.ActiveCfg = Debug_static|Win32
		{12F95FE7-ACE1-4281-86BF-4117AE2D633E}.Debug_static|Win32.Build.0 = Debug_static|Win32
		{12F95FE7-ACE1-4281-86BF-4117AE2D633E}.Debug_static|x64.ActiveCfg = Debug_static|x64
		{12F95FE7-ACE1-4281-86BF-4117AE2D633E}.Debug_static|x64.Build.0 = Debug_static|x64
		{12F95FE7-ACE1-4281-86BF-4117AE2D633E}.Debug|Win32.ActiveCfg = Debug_DLL_full|x64
		{12F95FE7-ACE1-4281-86BF-4117AE2D633E}.Debug|x64.ActiveCfg = Debug_DLL_full|x64
		{12F95FE7-ACE1-4281-86BF-4117AE2D633E}.Debug|x64.Build.0 = Debug_DLL_full|x64
		{12F95FE7-ACE1-4281-86BF-4117AE2D633E}.Release_DLL_full|Win32.ActiveCfg = Release_DLL_full|Win32
		{12F95FE7-ACE1-4281-86BF-4117AE2D633E}.Release_DLL_full|Win32.Build.0 = Release_DLL_full|Win32
		{12F95FE7-ACE1-4281-86BF-4117AE2D633E}.Release_DLL_full|x64.ActiveCfg = Release_DLL_full|x64
		{12F95FE7-ACE1-4281-86BF-4117AE2D633E}.Release_DLL_full|x64.Build.0 = Release_DLL_full|x64
		{12F95FE7-ACE1-4281-86BF-4117AE2D633E}.Release_DLL|Win32.ActiveCfg = Release_DLL|Win32
		{12F95FE7-ACE1-4281-86BF-4117AE2D633E}.Release_DLL|Win32.Build.0 = Release_DLL|Win32
		{12F95FE7-ACE1-4281-86BF-4117AE2D633E}.Release_DLL|x64.ActiveCfg = Release_DLL|x64
		{12F95FE7-ACE1-4281-86BF-4117AE2D633E}.Release_DLL|x64.Build.0 = Release_DLL|x64
		{12F95FE7-ACE1-4281-86BF-4117AE2D633E}.Release_static|Win32.ActiveCfg = Release_static|Win32
		{12F95FE7-ACE1-4281-86BF-4117AE2D633E}.Release_static|Win32.Build.0 = Release_static|Win32
		{12F95FE7-ACE1-4281-86BF-4117AE2D633E}.Release_static|x64.ActiveCfg = Release_static|x64
		{12F95FE7-ACE1-4281-86BF-4117AE2D633E}.Release_static|x64.Build.0 = Release_static|x64
		{12F95FE7-ACE1-4281-86BF-4117AE2D633E}.Release|Win32.ActiveCfg = Release_DLL_full|x64
		{12F95FE7-ACE1-4281-86BF-4117AE2D633E}.Release|x64.ActiveCfg = Release_DLL_full|x64
		{12F95FE7-ACE1-4281-86BF-4117AE2D633E}.Release|x64.Build.0 = Release_DLL_full|x64
		{CD11B3D6-1296-45F4-B924-034CC103D626}.Debug_DLL_full|Win32.ActiveCfg = Debug_DLL|Win32
		{CD11B3D6-1296-45F4-B924-034CC103D626}.Debug_DLL_full|Win32.Build.0 = Debug_DLL|Win32
		{CD11B3D6-1296-45F4-B924-034CC103D626}.Debug_DLL_full|x64.ActiveCfg = Debug_DLL|x64
		{CD11B3D6-1296-45F4-B924-034CC103D626}.Debug_DLL_full|x64.Build.0 = Debug_DLL|x64
		{CD11B3D6-1296-45F4-B924-034CC103D626}.Debug_DLL|Win32.ActiveCfg = Debug_DLL|Win32
		{CD11B3D6-1296-45F4-B924-034CC103D626}.Debug_DLL|Win32.Build.0 = Debug_DLL|Win32
		{CD11B3D6-1296-45F4-B924-034CC103D626}.Debug_DLL|x64.ActiveCfg = Debug_DLL|x64
		{CD11B3D6-1296-45F4-B924-034CC103D626}.Debug_DLL|x64.Build.0 = Debug_DLL|x64
		{CD11B3D6-1296-45F4-B924-034CC103D626}.Debug_static|Win32.ActiveCfg = Debug_DLL|Win32
		{CD11B3D6-1296-45F4-B924-034CC103D626}.Debug_static|Win32.Build.0 = Debug_DLL|Win32
		{CD11B3D6-1296-45F4-B924-034CC103D626}.Debug_static|x64.ActiveCfg = Debug_DLL|x64
		{CD11B3D6-1296-45F4-B924-034CC103D626}.Debug_static|x64.Build.0 = Debug_DLL|x64
		{CD11B3D6-1296-45F4-B924-034CC103D626}.Debug|Win32.ActiveCfg = Debug_DLL|x64
		{CD11B3D6-1296-45F4-B924-034CC103D626}.Debug|x64.ActiveCfg = Debug_DLL|x64
		{CD11B3D6-1296-45F4-B924-034CC103D626}.Debug|x64.Build.0 = Debug_DLL|x64
		{CD11B3D6-1296-45F4-B924-034CC103D626}.Release_DLL_full|Win32.ActiveCfg = Release_DLL_Full|Win32
		{CD11B3D6-1296-45F4-B924-034CC103D626}.Release_DLL_full|Win32.Build.0 = Release_DLL_Full|Win32
		{CD11B3D6-1296-45F4-B924-034CC103D626}.Release_DLL_full|x64.ActiveCfg = Release_DLL_Full|x64
		{CD11B3D6-1296-45F4-B924-034CC103D626}.Release_DLL_full|x64.Build.0 = Release_DLL_Full|x64
		{CD11B3D6-1296-45F4-B924-034CC103D626}.Release_DLL|Win32.ActiveCfg = Release_DLL|Win32
		{CD11B3D6-1296-45F4-B924-034CC103D626}.Release_DLL|Win32.Build.0 = Release_DLL|Win32
		{CD11B3D6-1296-45F4-B924-034CC103D626}.Release_DLL|x64.ActiveCfg = Release_DLL|x64
		{CD11B3D6-1296-45F4-B924-034CC103D626}.Release_DLL|x64.Build.0 = Release_DLL|x64
		{CD11B3D6-1296-45F4-B924-034CC103D626}.Release_static|Win32.ActiveCfg = Release_DLL|x64
		{CD11B3D6-1296-45F4-B924-034CC103D626}.Release_static|Win32.Build.0 = Release_DLL|x64
		{CD11B3D6-1296-45F4-B924-034CC103D626}.Release_static|x64.ActiveCfg = Release_Static|x64
		{CD11B3D6-1296-45F4-B924-034CC103D626}.Release_static|x64.Build.0 = Release_Static|x64
		{CD11B3D6-1296-45F4-B924-034CC103D626}.Release|Win32.ActiveCfg = Release_DLL|x64
		{CD11B3D6-1296-45F4-B924-034CC103D626}.Release|x64.ActiveCfg = Release_DLL|x64
		{CD11B3D6-1296-45F4-B924-034CC103D626}.Release|x64.Build.0 = Release_DLL|x64
		{2DEAB99F-2617-4235-8EF7-653F36EFAC83}.Debug_DLL_full|Win32.ActiveCfg = Debug_DLL|Win32
		{2DEAB99F-2617-4235-8EF7-653F36EFAC83}.Debug_DLL_full|Win32.Build.0 = Debug_DLL|Win32
		{2DEAB99F-2617-4235-8EF7-653F36EFAC83}.Debug_DLL_full|x64.ActiveCfg = Debug_DLL|x64
		{2DEAB99F-2617-4235-8EF7-653F36EFAC83}.Debug_DLL_full|x64.Build.0 = Debug_DLL|x64
		{2DEAB99F-2617-4235-8EF7-653F36EFAC83}.Debug_DLL|Win32.ActiveCfg = Debug_DLL|Win32
		{2DEAB99F-2617-4235-8EF7-653F36EFAC83}.Debug_DLL|Win32.Build.0 = Debug_DLL|Win32
		{2DEAB99F-2617-4235-8EF7-653F36EFAC83}.Debug_DLL|x64.ActiveCfg = Debug_DLL|x64
		{2DEAB99F-2617-4235-8EF7-653F36EFAC83}.Debug_DLL|x64.Build.0 = Debug_DLL|x64
		{2DEAB99F-2617-4235-8EF7-653F36EFAC83}.Debug_static|Win32.ActiveCfg = Debug_DLL|Win32
		{2DEAB99F-2617-4235-8EF7-653F36EFAC83}.Debug_static|Win32.Build.0 = Debug_DLL|Win32
		{2DEAB99F-2617-4235-8EF7-653F36EFAC83}.Debug_static|x64.ActiveCfg = Debug_DLL|x64
		{2DEAB99F-2617-4235-8EF7-653F36EFAC83}.Debug_static|x64.Build.0 = Debug_DLL|x64
		{2DEAB99F-2617-4235-8EF7-653F36EFAC83}.Debug|Win32.ActiveCfg = Debug_DLL|x64
		{2DEAB99F-2617-4235-8EF7-653F36EFAC83}.Debug|x64.ActiveCfg = Debug_DLL|x64
		{2DEAB99F-2617-4235-8EF7-653F36EFAC83}.Debug|x64.Build.0 = Debug_DLL|x64
		{2DEAB99F-2617-4235-8EF7-653F36EFAC83}.Release_DLL_full|Win32.ActiveCfg = Release_DLL_full|Win32
		{2DEAB99F-2617-4235-8EF7-653F36EFAC83}.Release_DLL_full|Win32.Build.0 = Release_DLL_full|Win32
		{2DEAB99F-2617-4235-8EF7-653F36EFAC83}.Release_DLL_full|x64.ActiveCfg = Release_DLL_full|x64
		{2DEAB99F-2617-4235-8EF7-653F36EFAC83}.Release_DLL_full|x64.Build.0 = Release_DLL_full|x64
		{2DEAB99F-2617-4235-8EF7-653F36EFAC83}.Release_DLL|Win32.ActiveCfg = Release_DLL|Win32
		{2DEAB99F-2617-4235-8EF7-653F36EFAC83}.Release_DLL|Win32.Build.0 = Release_DLL|Win32
		{2DEAB99F-2617-4235-8EF7-653F36EFAC83}.Release_DLL|x64.ActiveCfg = Release_DLL|x64
		{2DEAB99F-2617-4235-8EF7-653F36EFAC83}.Release_DLL|x64.Build.0 = Release_DLL|x64
		{2DEAB99F-2617-4235-8EF7-653F36EFAC83}.Release_static|Win32.ActiveCfg = Release_DLL|x64
		{2DEAB99F-2617-4235-8EF7-653F36EFAC83}.Release_static|Win32.Build.0 = Release_DLL|x64
		{2DEAB99F-2617-4235-8EF7-653F36EFAC83}.Release_static|x64.ActiveCfg = Release_Static|x64
		{2DEAB99F-2617-4235-8EF7-653F36EFAC83}.Release_static|x64.Build.0 = Release_Static|x64
		{2DEAB99F-2617-4235-8EF7-653F36EFAC83}.Release|Win32.ActiveCfg = Release_DLL|x64
		{2DEAB99F-2617-4235-8EF7-653F36EFAC83}.Release|x64.ActiveCfg = Release_DLL|x64
		{2DEAB99F-2617-4235-8EF7-653F36EFAC83}.Release|x64.Build.0 = Release_DLL|x64
		{33DEAB53-40E1-42FF-9C17-7A9956102052}.Debug_DLL_full|Win32.ActiveCfg = Debug_DLL|Win32
		{33DEAB53-40E1-42FF-9C17-7A9956102052}.Debug_DLL_full|Win32.Build.0 = Debug_DLL|Win32
		{33DEAB53-40E1-42FF-9C17-7A9956102052}.Debug_DLL_full|x64.ActiveCfg = Debug_DLL|x64
		{33DEAB53-40E1-42FF-9C17-7A9956102052}.Debug_DLL_full|x64.Build.0 = Debug_DLL|x64
		{33DEAB53-40E1-42FF-9C17-7A9956102052}.Debug_DLL|Win32.ActiveCfg = Debug_DLL|Win32
		{33DEAB53-40E1-42FF-9C17-7A9956102052}.Debug_DLL|Win32.Build.0 = Debug_DLL|Win32
		{33DEAB53-40E1-42FF-9C17-7A9956102052}.Debug_DLL|x64.ActiveCfg = Debug_DLL|x64
		{33DEAB53-40E1-42FF-9C17-7A9956102052}.Debug_DLL|x64.Build.0 = Debug_DLL|x64
		{33DEAB53-40E1-42FF-9C17-7A9956102052}.Debug_static|Win32.ActiveCfg = Debug_DLL|Win32
		{33DEAB53-40E1-42FF-9C17-7A9956102052}.Debug_static|Win32.Build.0 = Debug_DLL|Win32
		{33DEAB53-40E1-42FF-9C17-7A9956102052}.Debug_static|x64.ActiveCfg = Debug_DLL|x64
		{33DEAB53-40E1-42FF-9C17-7A9956102052}.Debug_static|x64.Build.0 = Debug_DLL|x64
		{33DEAB53-40E1-42FF-9C17-7A9956102052}.Debug|Win32.ActiveCfg = Debug_DLL|x64
		{33DEAB53-40E1-42FF-9C17-7A9956102052}.Debug|x64.ActiveCfg = Debug_DLL|x64
		{33DEAB53-40E1-42FF-9C17-7A9956102052}.Debug|x64.Build.0 = Debug_DLL|x64
		{33DEAB53-40E1-42FF-9C17-7A9956102052}.Release_DLL_full|Win32.ActiveCfg = Release_DLL_full|Win32
		{33DEAB53-40E1-42FF-9C17-7A9956102052}.Release_DLL_full|Win32.Build.0 = Release_DLL_full|Win32
		{33DEAB53-40E1-42FF-9C17-7A9956102052}.Release_DLL_full|x64.ActiveCfg = Release_DLL_full|x64
		{33DEAB53-40E1-42FF-9C17-7A9956102052}.Release_DLL_full|x64.Build.0 = Release_DLL_full|x64
		{33DEAB53-40E1-42FF-9C17-7A9956102052}.Release_DLL|Win32.ActiveCfg = Release_DLL|Win32
		{33DEAB53-40E1-42FF-9C17-7A9956102052}.Release_DLL|Win32.Build.0 = Release_DLL|Win32
		{33DEAB53-40E1-42FF-9C17-7A9956102052}.Release_DLL|x64.ActiveCfg = Release_DLL|x64
		{33DEAB53-40E1-42FF-9C17-7A9956102052}.Release_DLL|x64.Build.0 = Release_DLL|x64
		{33DEAB53-40E1-42FF-9C17-7A9956102052}.Release_static|Win32.ActiveCfg = Release_DLL|x64
		{33DEAB53-40E1-42FF-9C17-7A9956102052}.Release_static|Win32.Build.0 = Release_DLL|x64
		{33DEAB53-40E1-42FF-9C17-7A9956102052}.Release_static|x64.ActiveCfg = Release_Static|x64
		{33DEAB53-40E1-42FF-9C17-7A9956102052}.Release_static|x64.Build.0 = Release_Static|x64
		{33DEAB53-40E1-42FF-9C17-7A9956102052}.Release|Win32.ActiveCfg = Release_DLL|x64
		{33DEAB53-40E1-42FF-9C17-7A9956102052}.Release|x64.ActiveCfg = Release_DLL|x64
		{33DEAB53-40E1-42FF-9C17-7A9956102052}.Release|x64.Build.0 = Release_DLL|x64
		{7080E9F1-318F-4152-9E36-9F427F5CE9B7}.Debug_DLL_full|Win32.ActiveCfg = Debug_DLL_full|Win32
		{7080E9F1-318F-4152-9E36-9F427F5CE9B7}.Debug_DLL_full|Win32.Build.0 = Debug_DLL_full|Win32
		{7080E9F1-318F-4152-9E36-9F427F5CE9B7}.Debug_DLL_full|x64.ActiveCfg = Debug_DLL_full|x64
		{7080E9F1-318F-4152-9E36-9F427F5CE9B7}.Debug_DLL_full|x64.Build.0 = Debug_DLL_full|x64
		{7080E9F1-318F-4152-9E36-9F427F5CE9B7}.Debug_DLL|Win32.ActiveCfg = Debug_DLL|Win32
		{7080E9F1-318F-4152-9E36-9F427F5CE9B7}.Debug_DLL|Win32.Build.0 = Debug_DLL|Win32
		{7080E9F1-318F-4152-9E36-9F427F5CE9B7}.Debug_DLL|x64.ActiveCfg = Debug_DLL|x64
		{7080E9F1-318F-4152-9E36-9F427F5CE9B7}.Debug_DLL|x64.Build.0 = Debug_DLL|x64
		{7080E9F1-318F-4152-9E36-9F427F5CE9B7}.Debug_static|Win32.ActiveCfg = Debug_static|Win32
		{7080E9F1-318F-4152-9E36-9F427F5CE9B7}.Debug_static|Win32.Build.0 = Debug_static|Win32
		{7080E9F1-318F-4152-9E36-9F427F5CE9B7}.Debug_static|x64.ActiveCfg = Debug_static|x64
		{7080E9F1-318F-4152-9E36-9F427F5CE9B7}.Debug_static|x64.Build.0 = Debug_static|x64
		{7080E9F1-318F-4152-9E36-9F427F5CE9B7}.Debug|Win32.ActiveCfg = Debug_static|x64
		{7080E9F1-318F-4152-9E36-9F427F5CE9B7}.Debug|x64.ActiveCfg = Debug_static|x64
		{7080E9F1-318F-4152-9E36-9F427F5CE9B7}.Debug|x64.Build.0 = Debug_static|x64
		{7080E9F1-318F-4152-9E36-9F427F5CE9B7}.Release_DLL_full|Win32.ActiveCfg = Release_DLL_full|Win32
		{7080E9F1-318F-4152-9E36-9F427F5CE9B7}.Release_DLL_full|Win32.Build.0 = Release_DLL_full|Win32
		{7080E9F1-318F-4152-9E36-9F427F5CE9B7}.Release_DLL_full|x64.ActiveCfg = Release_DLL_full|x64
		{7080E9F1-318F-4152-9E36-9F427F5CE9B7}.Release_DLL_full|x64.Build.0 = Release_DLL_full|x64
		{7080E9F1-318F-4152-9E36-9F427F5CE9B7}.Release_DLL|Win32.ActiveCfg = Release_DLL|Win32
		{7080E9F1-318F-4152-9E36-9F427F5CE9B7}.Release_DLL|Win32.Build.0 = Release_DLL|Win32
		{7080E9F1-318F-4152-9E36-9F427F5CE9B7}.Release_DLL|x64.ActiveCfg = Release_DLL|x64
		{7080E9F1-318F-4152-9E36-9F427F5CE9B7}.Release_DLL|x64.Build.0 = Release_DLL|x64
		{7080E9F1-318F-4152-9E36-9F427F5CE9B7}.Release_static|Win32.ActiveCfg = Release_static|Win32
		{7080E9F1-318F-4152-9E36-9F427F5CE9B7}.Release_static|Win32.Build.0 = Release_static|Win32
		{7080E9F1-318F-4152-9E36-9F427F5CE9B7}.Release_static|x64.ActiveCfg = Release_static|x64
		{7080E9F1-318F-4152-9E36-9F427F5CE9B7}.Release_static|x64.Build.0 = Release_static|x64
		{7080E9F1-318F-4152-9E36-9F427F5CE9B7}.Release|Win32.ActiveCfg = Release_static|x64
		{7080E9F1-318F-4152-9E36-9F427F5CE9B7}.Release|x64.ActiveCfg = Release_static|x64
		{7080E9F1-318F-4152-9E36-9F427F5CE9B7}.Release|x64.Build.0 = Release_static|x64
	EndGlobalSection
	GlobalSection(SolutionProperties) = preSolution
		HideSolutionNode = FALSE
	EndGlobalSection
EndGlobal
