
Microsoft Visual Studio Solution File, Format Version 10.00
# Visual Studio 2008
Project("{8BC9CEB8-8B4A-11D0-8D11-00A0C91BC942}") = "pion-net", "net\src\pion-net.vcproj", "{61F4B4D5-3608-4264-9F4B-B0DA3E3FDF62}"
	ProjectSection(ProjectDependencies) = postProject
		{EB961393-6495-4DD0-BF17-3ECA01C0BF00} = {EB961393-6495-4DD0-BF17-3ECA01C0BF00}
	EndProjectSection
EndProject
Project("{8BC9CEB8-8B4A-11D0-8D11-00A0C91BC942}") = "PionHelloServer", "net\utils\PionHelloServer.vcproj", "{49714B23-3394-43CE-BF84-290EB1A50715}"
	ProjectSection(ProjectDependencies) = postProject
		{EB961393-6495-4DD0-BF17-3ECA01C0BF00} = {EB961393-6495-4DD0-BF17-3ECA01C0BF00}
		{99D0C0C7-793B-49B1-A42E-CB563E5BB81F} = {99D0C0C7-793B-49B1-A42E-CB563E5BB81F}
		{61F4B4D5-3608-4264-9F4B-B0DA3E3FDF62} = {61F4B4D5-3608-4264-9F4B-B0DA3E3FDF62}
	EndProjectSection
EndProject
Project("{8BC9CEB8-8B4A-11D0-8D11-00A0C91BC942}") = "PionWebServer", "net\utils\PionWebServer.vcproj", "{2CF6432F-56EA-43AD-BCCB-C31A4DB75853}"
	ProjectSection(ProjectDependencies) = postProject
		{EB961393-6495-4DD0-BF17-3ECA01C0BF00} = {EB961393-6495-4DD0-BF17-3ECA01C0BF00}
		{99D0C0C7-793B-49B1-A42E-CB563E5BB81F} = {99D0C0C7-793B-49B1-A42E-CB563E5BB81F}
		{61F4B4D5-3608-4264-9F4B-B0DA3E3FDF62} = {61F4B4D5-3608-4264-9F4B-B0DA3E3FDF62}
	EndProjectSection
EndProject
Project("{8BC9CEB8-8B4A-11D0-8D11-00A0C91BC942}") = "HelloService", "net\services\HelloService.vcproj", "{9EE2433A-B460-45E0-8968-EC5CE8EF9875}"
	ProjectSection(ProjectDependencies) = postProject
		{61F4B4D5-3608-4264-9F4B-B0DA3E3FDF62} = {61F4B4D5-3608-4264-9F4B-B0DA3E3FDF62}
	EndProjectSection
EndProject
Project("{8BC9CEB8-8B4A-11D0-8D11-00A0C91BC942}") = "EchoService", "net\services\EchoService.vcproj", "{09C3D3D7-7CE0-48D1-994F-EB534C07CF8B}"
	ProjectSection(ProjectDependencies) = postProject
		{61F4B4D5-3608-4264-9F4B-B0DA3E3FDF62} = {61F4B4D5-3608-4264-9F4B-B0DA3E3FDF62}
	EndProjectSection
EndProject
Project("{8BC9CEB8-8B4A-11D0-8D11-00A0C91BC942}") = "CookieService", "net\services\CookieService.vcproj", "{1CF012D8-A47C-4D2B-952D-D90D19795A07}"
	ProjectSection(ProjectDependencies) = postProject
		{61F4B4D5-3608-4264-9F4B-B0DA3E3FDF62} = {61F4B4D5-3608-4264-9F4B-B0DA3E3FDF62}
	EndProjectSection
EndProject
Project("{8BC9CEB8-8B4A-11D0-8D11-00A0C91BC942}") = "FileService", "net\services\FileService.vcproj", "{70CA1FA9-BA9A-4EA4-9B7B-C747238991C1}"
	ProjectSection(ProjectDependencies) = postProject
		{EB961393-6495-4DD0-BF17-3ECA01C0BF00} = {EB961393-6495-4DD0-BF17-3ECA01C0BF00}
		{61F4B4D5-3608-4264-9F4B-B0DA3E3FDF62} = {61F4B4D5-3608-4264-9F4B-B0DA3E3FDF62}
	EndProjectSection
EndProject
Project("{8BC9CEB8-8B4A-11D0-8D11-00A0C91BC942}") = "LogService", "net\services\LogService.vcproj", "{12F95FE7-ACE1-4281-86BF-4117AE2D633E}"
	ProjectSection(ProjectDependencies) = postProject
		{61F4B4D5-3608-4264-9F4B-B0DA3E3FDF62} = {61F4B4D5-3608-4264-9F4B-B0DA3E3FDF62}
	EndProjectSection
EndProject
Project("{8BC9CEB8-8B4A-11D0-8D11-00A0C91BC942}") = "pion-common", "common\src\pion-common.vcproj", "{EB961393-6495-4DD0-BF17-3ECA01C0BF00}"
EndProject
Project("{8BC9CEB8-8B4A-11D0-8D11-00A0C91BC942}") = "PionNetUnitTests", "net\tests\PionNetUnitTests.vcproj", "{5AD25B42-E2C0-4D08-985B-E8F115D19D56}"
	ProjectSection(ProjectDependencies) = postProject
		{9EE2433A-B460-45E0-8968-EC5CE8EF9875} = {9EE2433A-B460-45E0-8968-EC5CE8EF9875}
		{8C8A8E46-4588-4CE1-B624-89C36EA5209E} = {8C8A8E46-4588-4CE1-B624-89C36EA5209E}
		{EB961393-6495-4DD0-BF17-3ECA01C0BF00} = {EB961393-6495-4DD0-BF17-3ECA01C0BF00}
		{70CA1FA9-BA9A-4EA4-9B7B-C747238991C1} = {70CA1FA9-BA9A-4EA4-9B7B-C747238991C1}
		{99D0C0C7-793B-49B1-A42E-CB563E5BB81F} = {99D0C0C7-793B-49B1-A42E-CB563E5BB81F}
		{61F4B4D5-3608-4264-9F4B-B0DA3E3FDF62} = {61F4B4D5-3608-4264-9F4B-B0DA3E3FDF62}
		{09C3D3D7-7CE0-48D1-994F-EB534C07CF8B} = {09C3D3D7-7CE0-48D1-994F-EB534C07CF8B}
		{1CF012D8-A47C-4D2B-952D-D90D19795A07} = {1CF012D8-A47C-4D2B-952D-D90D19795A07}
		{12F95FE7-ACE1-4281-86BF-4117AE2D633E} = {12F95FE7-ACE1-4281-86BF-4117AE2D633E}
	EndProjectSection
EndProject
Project("{8BC9CEB8-8B4A-11D0-8D11-00A0C91BC942}") = "AllowNothingService", "net\services\AllowNothingService.vcproj", "{8C8A8E46-4588-4CE1-B624-89C36EA5209E}"
	ProjectSection(ProjectDependencies) = postProject
		{61F4B4D5-3608-4264-9F4B-B0DA3E3FDF62} = {61F4B4D5-3608-4264-9F4B-B0DA3E3FDF62}
	EndProjectSection
EndProject
Project("{8BC9CEB8-8B4A-11D0-8D11-00A0C91BC942}") = "PionNetServices", "net\PionNetServices.vcproj", "{99D0C0C7-793B-49B1-A42E-CB563E5BB81F}"
	ProjectSection(ProjectDependencies) = postProject
		{9EE2433A-B460-45E0-8968-EC5CE8EF9875} = {9EE2433A-B460-45E0-8968-EC5CE8EF9875}
		{8C8A8E46-4588-4CE1-B624-89C36EA5209E} = {8C8A8E46-4588-4CE1-B624-89C36EA5209E}
		{70CA1FA9-BA9A-4EA4-9B7B-C747238991C1} = {70CA1FA9-BA9A-4EA4-9B7B-C747238991C1}
		{09C3D3D7-7CE0-48D1-994F-EB534C07CF8B} = {09C3D3D7-7CE0-48D1-994F-EB534C07CF8B}
		{1CF012D8-A47C-4D2B-952D-D90D19795A07} = {1CF012D8-A47C-4D2B-952D-D90D19795A07}
		{12F95FE7-ACE1-4281-86BF-4117AE2D633E} = {12F95FE7-ACE1-4281-86BF-4117AE2D633E}
	EndProjectSection
EndProject
Global
	GlobalSection(SolutionConfigurationPlatforms) = preSolution
		Debug_DLL_full|Win32 = Debug_DLL_full|Win32
		Debug_DLL|Win32 = Debug_DLL|Win32
		Debug_static|Win32 = Debug_static|Win32
		Release_DLL_full|Win32 = Release_DLL_full|Win32
		Release_DLL|Win32 = Release_DLL|Win32
		Release_static|Win32 = Release_static|Win32
	EndGlobalSection
	GlobalSection(ProjectConfigurationPlatforms) = postSolution
		{61F4B4D5-3608-4264-9F4B-B0DA3E3FDF62}.Debug_DLL_full|Win32.ActiveCfg = Debug_DLL_full|Win32
		{61F4B4D5-3608-4264-9F4B-B0DA3E3FDF62}.Debug_DLL_full|Win32.Build.0 = Debug_DLL_full|Win32
		{61F4B4D5-3608-4264-9F4B-B0DA3E3FDF62}.Debug_DLL|Win32.ActiveCfg = Debug_DLL|Win32
		{61F4B4D5-3608-4264-9F4B-B0DA3E3FDF62}.Debug_DLL|Win32.Build.0 = Debug_DLL|Win32
		{61F4B4D5-3608-4264-9F4B-B0DA3E3FDF62}.Debug_static|Win32.ActiveCfg = Debug_static|Win32
		{61F4B4D5-3608-4264-9F4B-B0DA3E3FDF62}.Debug_static|Win32.Build.0 = Debug_static|Win32
		{61F4B4D5-3608-4264-9F4B-B0DA3E3FDF62}.Release_DLL_full|Win32.ActiveCfg = Release_DLL_full|Win32
		{61F4B4D5-3608-4264-9F4B-B0DA3E3FDF62}.Release_DLL_full|Win32.Build.0 = Release_DLL_full|Win32
		{61F4B4D5-3608-4264-9F4B-B0DA3E3FDF62}.Release_DLL|Win32.ActiveCfg = Release_DLL|Win32
		{61F4B4D5-3608-4264-9F4B-B0DA3E3FDF62}.Release_DLL|Win32.Build.0 = Release_DLL|Win32
		{61F4B4D5-3608-4264-9F4B-B0DA3E3FDF62}.Release_static|Win32.ActiveCfg = Release_static|Win32
		{61F4B4D5-3608-4264-9F4B-B0DA3E3FDF62}.Release_static|Win32.Build.0 = Release_static|Win32
		{49714B23-3394-43CE-BF84-290EB1A50715}.Debug_DLL_full|Win32.ActiveCfg = Debug_DLL_full|Win32
		{49714B23-3394-43CE-BF84-290EB1A50715}.Debug_DLL_full|Win32.Build.0 = Debug_DLL_full|Win32
		{49714B23-3394-43CE-BF84-290EB1A50715}.Debug_DLL|Win32.ActiveCfg = Debug_DLL|Win32
		{49714B23-3394-43CE-BF84-290EB1A50715}.Debug_DLL|Win32.Build.0 = Debug_DLL|Win32
		{49714B23-3394-43CE-BF84-290EB1A50715}.Debug_static|Win32.ActiveCfg = Debug_static|Win32
		{49714B23-3394-43CE-BF84-290EB1A50715}.Debug_static|Win32.Build.0 = Debug_static|Win32
		{49714B23-3394-43CE-BF84-290EB1A50715}.Release_DLL_full|Win32.ActiveCfg = Release_DLL_full|Win32
		{49714B23-3394-43CE-BF84-290EB1A50715}.Release_DLL_full|Win32.Build.0 = Release_DLL_full|Win32
		{49714B23-3394-43CE-BF84-290EB1A50715}.Release_DLL|Win32.ActiveCfg = Release_DLL|Win32
		{49714B23-3394-43CE-BF84-290EB1A50715}.Release_DLL|Win32.Build.0 = Release_DLL|Win32
		{49714B23-3394-43CE-BF84-290EB1A50715}.Release_static|Win32.ActiveCfg = Release_static|Win32
		{49714B23-3394-43CE-BF84-290EB1A50715}.Release_static|Win32.Build.0 = Release_static|Win32
		{2CF6432F-56EA-43AD-BCCB-C31A4DB75853}.Debug_DLL_full|Win32.ActiveCfg = Debug_DLL_full|Win32
		{2CF6432F-56EA-43AD-BCCB-C31A4DB75853}.Debug_DLL_full|Win32.Build.0 = Debug_DLL_full|Win32
		{2CF6432F-56EA-43AD-BCCB-C31A4DB75853}.Debug_DLL|Win32.ActiveCfg = Debug_DLL|Win32
		{2CF6432F-56EA-43AD-BCCB-C31A4DB75853}.Debug_DLL|Win32.Build.0 = Debug_DLL|Win32
		{2CF6432F-56EA-43AD-BCCB-C31A4DB75853}.Debug_static|Win32.ActiveCfg = Debug_static|Win32
		{2CF6432F-56EA-43AD-BCCB-C31A4DB75853}.Debug_static|Win32.Build.0 = Debug_static|Win32
		{2CF6432F-56EA-43AD-BCCB-C31A4DB75853}.Release_DLL_full|Win32.ActiveCfg = Release_DLL_full|Win32
		{2CF6432F-56EA-43AD-BCCB-C31A4DB75853}.Release_DLL_full|Win32.Build.0 = Release_DLL_full|Win32
		{2CF6432F-56EA-43AD-BCCB-C31A4DB75853}.Release_DLL|Win32.ActiveCfg = Release_DLL|Win32
		{2CF6432F-56EA-43AD-BCCB-C31A4DB75853}.Release_DLL|Win32.Build.0 = Release_DLL|Win32
		{2CF6432F-56EA-43AD-BCCB-C31A4DB75853}.Release_static|Win32.ActiveCfg = Release_static|Win32
		{2CF6432F-56EA-43AD-BCCB-C31A4DB75853}.Release_static|Win32.Build.0 = Release_static|Win32
		{9EE2433A-B460-45E0-8968-EC5CE8EF9875}.Debug_DLL_full|Win32.ActiveCfg = Debug_DLL_full|Win32
		{9EE2433A-B460-45E0-8968-EC5CE8EF9875}.Debug_DLL_full|Win32.Build.0 = Debug_DLL_full|Win32
		{9EE2433A-B460-45E0-8968-EC5CE8EF9875}.Debug_DLL|Win32.ActiveCfg = Debug_DLL|Win32
		{9EE2433A-B460-45E0-8968-EC5CE8EF9875}.Debug_DLL|Win32.Build.0 = Debug_DLL|Win32
		{9EE2433A-B460-45E0-8968-EC5CE8EF9875}.Debug_static|Win32.ActiveCfg = Debug_static|Win32
		{9EE2433A-B460-45E0-8968-EC5CE8EF9875}.Debug_static|Win32.Build.0 = Debug_static|Win32
		{9EE2433A-B460-45E0-8968-EC5CE8EF9875}.Release_DLL_full|Win32.ActiveCfg = Release_DLL_full|Win32
		{9EE2433A-B460-45E0-8968-EC5CE8EF9875}.Release_DLL_full|Win32.Build.0 = Release_DLL_full|Win32
		{9EE2433A-B460-45E0-8968-EC5CE8EF9875}.Release_DLL|Win32.ActiveCfg = Release_DLL|Win32
		{9EE2433A-B460-45E0-8968-EC5CE8EF9875}.Release_DLL|Win32.Build.0 = Release_DLL|Win32
		{9EE2433A-B460-45E0-8968-EC5CE8EF9875}.Release_static|Win32.ActiveCfg = Release_static|Win32
		{9EE2433A-B460-45E0-8968-EC5CE8EF9875}.Release_static|Win32.Build.0 = Release_static|Win32
		{09C3D3D7-7CE0-48D1-994F-EB534C07CF8B}.Debug_DLL_full|Win32.ActiveCfg = Debug_DLL_full|Win32
		{09C3D3D7-7CE0-48D1-994F-EB534C07CF8B}.Debug_DLL_full|Win32.Build.0 = Debug_DLL_full|Win32
		{09C3D3D7-7CE0-48D1-994F-EB534C07CF8B}.Debug_DLL|Win32.ActiveCfg = Debug_DLL|Win32
		{09C3D3D7-7CE0-48D1-994F-EB534C07CF8B}.Debug_DLL|Win32.Build.0 = Debug_DLL|Win32
		{09C3D3D7-7CE0-48D1-994F-EB534C07CF8B}.Debug_static|Win32.ActiveCfg = Debug_static|Win32
		{09C3D3D7-7CE0-48D1-994F-EB534C07CF8B}.Debug_static|Win32.Build.0 = Debug_static|Win32
		{09C3D3D7-7CE0-48D1-994F-EB534C07CF8B}.Release_DLL_full|Win32.ActiveCfg = Release_DLL_full|Win32
		{09C3D3D7-7CE0-48D1-994F-EB534C07CF8B}.Release_DLL_full|Win32.Build.0 = Release_DLL_full|Win32
		{09C3D3D7-7CE0-48D1-994F-EB534C07CF8B}.Release_DLL|Win32.ActiveCfg = Release_DLL|Win32
		{09C3D3D7-7CE0-48D1-994F-EB534C07CF8B}.Release_DLL|Win32.Build.0 = Release_DLL|Win32
		{09C3D3D7-7CE0-48D1-994F-EB534C07CF8B}.Release_static|Win32.ActiveCfg = Release_static|Win32
		{09C3D3D7-7CE0-48D1-994F-EB534C07CF8B}.Release_static|Win32.Build.0 = Release_static|Win32
		{1CF012D8-A47C-4D2B-952D-D90D19795A07}.Debug_DLL_full|Win32.ActiveCfg = Debug_DLL_full|Win32
		{1CF012D8-A47C-4D2B-952D-D90D19795A07}.Debug_DLL_full|Win32.Build.0 = Debug_DLL_full|Win32
		{1CF012D8-A47C-4D2B-952D-D90D19795A07}.Debug_DLL|Win32.ActiveCfg = Debug_DLL|Win32
		{1CF012D8-A47C-4D2B-952D-D90D19795A07}.Debug_DLL|Win32.Build.0 = Debug_DLL|Win32
		{1CF012D8-A47C-4D2B-952D-D90D19795A07}.Debug_static|Win32.ActiveCfg = Debug_static|Win32
		{1CF012D8-A47C-4D2B-952D-D90D19795A07}.Debug_static|Win32.Build.0 = Debug_static|Win32
		{1CF012D8-A47C-4D2B-952D-D90D19795A07}.Release_DLL_full|Win32.ActiveCfg = Release_DLL_full|Win32
		{1CF012D8-A47C-4D2B-952D-D90D19795A07}.Release_DLL_full|Win32.Build.0 = Release_DLL_full|Win32
		{1CF012D8-A47C-4D2B-952D-D90D19795A07}.Release_DLL|Win32.ActiveCfg = Release_DLL|Win32
		{1CF012D8-A47C-4D2B-952D-D90D19795A07}.Release_DLL|Win32.Build.0 = Release_DLL|Win32
		{1CF012D8-A47C-4D2B-952D-D90D19795A07}.Release_static|Win32.ActiveCfg = Release_static|Win32
		{1CF012D8-A47C-4D2B-952D-D90D19795A07}.Release_static|Win32.Build.0 = Release_static|Win32
		{70CA1FA9-BA9A-4EA4-9B7B-C747238991C1}.Debug_DLL_full|Win32.ActiveCfg = Debug_DLL_full|Win32
		{70CA1FA9-BA9A-4EA4-9B7B-C747238991C1}.Debug_DLL_full|Win32.Build.0 = Debug_DLL_full|Win32
		{70CA1FA9-BA9A-4EA4-9B7B-C747238991C1}.Debug_DLL|Win32.ActiveCfg = Debug_DLL|Win32
		{70CA1FA9-BA9A-4EA4-9B7B-C747238991C1}.Debug_DLL|Win32.Build.0 = Debug_DLL|Win32
		{70CA1FA9-BA9A-4EA4-9B7B-C747238991C1}.Debug_static|Win32.ActiveCfg = Debug_static|Win32
		{70CA1FA9-BA9A-4EA4-9B7B-C747238991C1}.Debug_static|Win32.Build.0 = Debug_static|Win32
		{70CA1FA9-BA9A-4EA4-9B7B-C747238991C1}.Release_DLL_full|Win32.ActiveCfg = Release_DLL_full|Win32
		{70CA1FA9-BA9A-4EA4-9B7B-C747238991C1}.Release_DLL_full|Win32.Build.0 = Release_DLL_full|Win32
		{70CA1FA9-BA9A-4EA4-9B7B-C747238991C1}.Release_DLL|Win32.ActiveCfg = Release_DLL|Win32
		{70CA1FA9-BA9A-4EA4-9B7B-C747238991C1}.Release_DLL|Win32.Build.0 = Release_DLL|Win32
		{70CA1FA9-BA9A-4EA4-9B7B-C747238991C1}.Release_static|Win32.ActiveCfg = Release_static|Win32
		{70CA1FA9-BA9A-4EA4-9B7B-C747238991C1}.Release_static|Win32.Build.0 = Release_static|Win32
		{12F95FE7-ACE1-4281-86BF-4117AE2D633E}.Debug_DLL_full|Win32.ActiveCfg = Debug_DLL_full|Win32
		{12F95FE7-ACE1-4281-86BF-4117AE2D633E}.Debug_DLL_full|Win32.Build.0 = Debug_DLL_full|Win32
		{12F95FE7-ACE1-4281-86BF-4117AE2D633E}.Debug_DLL|Win32.ActiveCfg = Debug_DLL|Win32
		{12F95FE7-ACE1-4281-86BF-4117AE2D633E}.Debug_DLL|Win32.Build.0 = Debug_DLL|Win32
		{12F95FE7-ACE1-4281-86BF-4117AE2D633E}.Debug_static|Win32.ActiveCfg = Debug_static|Win32
		{12F95FE7-ACE1-4281-86BF-4117AE2D633E}.Debug_static|Win32.Build.0 = Debug_static|Win32
		{12F95FE7-ACE1-4281-86BF-4117AE2D633E}.Release_DLL_full|Win32.ActiveCfg = Release_DLL_full|Win32
		{12F95FE7-ACE1-4281-86BF-4117AE2D633E}.Release_DLL_full|Win32.Build.0 = Release_DLL_full|Win32
		{12F95FE7-ACE1-4281-86BF-4117AE2D633E}.Release_DLL|Win32.ActiveCfg = Release_DLL|Win32
		{12F95FE7-ACE1-4281-86BF-4117AE2D633E}.Release_DLL|Win32.Build.0 = Release_DLL|Win32
		{12F95FE7-ACE1-4281-86BF-4117AE2D633E}.Release_static|Win32.ActiveCfg = Release_static|Win32
		{12F95FE7-ACE1-4281-86BF-4117AE2D633E}.Release_static|Win32.Build.0 = Release_static|Win32
		{EB961393-6495-4DD0-BF17-3ECA01C0BF00}.Debug_DLL_full|Win32.ActiveCfg = Debug_DLL_full|Win32
		{EB961393-6495-4DD0-BF17-3ECA01C0BF00}.Debug_DLL_full|Win32.Build.0 = Debug_DLL_full|Win32
		{EB961393-6495-4DD0-BF17-3ECA01C0BF00}.Debug_DLL|Win32.ActiveCfg = Debug_DLL|Win32
		{EB961393-6495-4DD0-BF17-3ECA01C0BF00}.Debug_DLL|Win32.Build.0 = Debug_DLL|Win32
		{EB961393-6495-4DD0-BF17-3ECA01C0BF00}.Debug_static|Win32.ActiveCfg = Debug_static|Win32
		{EB961393-6495-4DD0-BF17-3ECA01C0BF00}.Debug_static|Win32.Build.0 = Debug_static|Win32
		{EB961393-6495-4DD0-BF17-3ECA01C0BF00}.Release_DLL_full|Win32.ActiveCfg = Release_DLL_full|Win32
		{EB961393-6495-4DD0-BF17-3ECA01C0BF00}.Release_DLL_full|Win32.Build.0 = Release_DLL_full|Win32
		{EB961393-6495-4DD0-BF17-3ECA01C0BF00}.Release_DLL|Win32.ActiveCfg = Release_DLL|Win32
		{EB961393-6495-4DD0-BF17-3ECA01C0BF00}.Release_DLL|Win32.Build.0 = Release_DLL|Win32
		{EB961393-6495-4DD0-BF17-3ECA01C0BF00}.Release_static|Win32.ActiveCfg = Release_static|Win32
		{EB961393-6495-4DD0-BF17-3ECA01C0BF00}.Release_static|Win32.Build.0 = Release_static|Win32
		{5AD25B42-E2C0-4D08-985B-E8F115D19D56}.Debug_DLL_full|Win32.ActiveCfg = Debug_DLL_full|Win32
		{5AD25B42-E2C0-4D08-985B-E8F115D19D56}.Debug_DLL_full|Win32.Build.0 = Debug_DLL_full|Win32
		{5AD25B42-E2C0-4D08-985B-E8F115D19D56}.Debug_DLL|Win32.ActiveCfg = Debug_DLL|Win32
		{5AD25B42-E2C0-4D08-985B-E8F115D19D56}.Debug_DLL|Win32.Build.0 = Debug_DLL|Win32
		{5AD25B42-E2C0-4D08-985B-E8F115D19D56}.Debug_static|Win32.ActiveCfg = Debug_static|Win32
		{5AD25B42-E2C0-4D08-985B-E8F115D19D56}.Debug_static|Win32.Build.0 = Debug_static|Win32
		{5AD25B42-E2C0-4D08-985B-E8F115D19D56}.Release_DLL_full|Win32.ActiveCfg = Release_DLL_full|Win32
		{5AD25B42-E2C0-4D08-985B-E8F115D19D56}.Release_DLL_full|Win32.Build.0 = Release_DLL_full|Win32
		{5AD25B42-E2C0-4D08-985B-E8F115D19D56}.Release_DLL|Win32.ActiveCfg = Release_DLL|Win32
		{5AD25B42-E2C0-4D08-985B-E8F115D19D56}.Release_DLL|Win32.Build.0 = Release_DLL|Win32
		{5AD25B42-E2C0-4D08-985B-E8F115D19D56}.Release_static|Win32.ActiveCfg = Release_static|Win32
		{5AD25B42-E2C0-4D08-985B-E8F115D19D56}.Release_static|Win32.Build.0 = Release_static|Win32
		{8C8A8E46-4588-4CE1-B624-89C36EA5209E}.Debug_DLL_full|Win32.ActiveCfg = Debug_DLL_full|Win32
		{8C8A8E46-4588-4CE1-B624-89C36EA5209E}.Debug_DLL_full|Win32.Build.0 = Debug_DLL_full|Win32
		{8C8A8E46-4588-4CE1-B624-89C36EA5209E}.Debug_DLL|Win32.ActiveCfg = Debug_DLL|Win32
		{8C8A8E46-4588-4CE1-B624-89C36EA5209E}.Debug_DLL|Win32.Build.0 = Debug_DLL|Win32
		{8C8A8E46-4588-4CE1-B624-89C36EA5209E}.Debug_static|Win32.ActiveCfg = Debug_DLL|Win32
		{8C8A8E46-4588-4CE1-B624-89C36EA5209E}.Release_DLL_full|Win32.ActiveCfg = Release_DLL_full|Win32
		{8C8A8E46-4588-4CE1-B624-89C36EA5209E}.Release_DLL_full|Win32.Build.0 = Release_DLL_full|Win32
		{8C8A8E46-4588-4CE1-B624-89C36EA5209E}.Release_DLL|Win32.ActiveCfg = Release_DLL|Win32
		{8C8A8E46-4588-4CE1-B624-89C36EA5209E}.Release_DLL|Win32.Build.0 = Release_DLL|Win32
		{8C8A8E46-4588-4CE1-B624-89C36EA5209E}.Release_static|Win32.ActiveCfg = Release_DLL|Win32
		{99D0C0C7-793B-49B1-A42E-CB563E5BB81F}.Debug_DLL_full|Win32.ActiveCfg = Debug_DLL_full|Win32
		{99D0C0C7-793B-49B1-A42E-CB563E5BB81F}.Debug_DLL_full|Win32.Build.0 = Debug_DLL_full|Win32
		{99D0C0C7-793B-49B1-A42E-CB563E5BB81F}.Debug_DLL|Win32.ActiveCfg = Debug_DLL_full|Win32
		{99D0C0C7-793B-49B1-A42E-CB563E5BB81F}.Debug_DLL|Win32.Build.0 = Debug_DLL_full|Win32
		{99D0C0C7-793B-49B1-A42E-CB563E5BB81F}.Debug_static|Win32.ActiveCfg = Debug_DLL_full|Win32
		{99D0C0C7-793B-49B1-A42E-CB563E5BB81F}.Debug_static|Win32.Build.0 = Debug_DLL_full|Win32
		{99D0C0C7-793B-49B1-A42E-CB563E5BB81F}.Release_DLL_full|Win32.ActiveCfg = Release_DLL_full|Win32
		{99D0C0C7-793B-49B1-A42E-CB563E5BB81F}.Release_DLL_full|Win32.Build.0 = Release_DLL_full|Win32
		{99D0C0C7-793B-49B1-A42E-CB563E5BB81F}.Release_DLL|Win32.ActiveCfg = Release_DLL_full|Win32
		{99D0C0C7-793B-49B1-A42E-CB563E5BB81F}.Release_DLL|Win32.Build.0 = Release_DLL_full|Win32
		{99D0C0C7-793B-49B1-A42E-CB563E5BB81F}.Release_static|Win32.ActiveCfg = Release_DLL_full|Win32
		{99D0C0C7-793B-49B1-A42E-CB563E5BB81F}.Release_static|Win32.Build.0 = Release_DLL_full|Win32
	EndGlobalSection
	GlobalSection(SolutionProperties) = preSolution
		HideSolutionNode = FALSE
	EndGlobalSection
EndGlobal
